
Microsoft Visual Studio Solution File, Format Version 12.00
# Visual Studio Version 17
VisualStudioVersion = 17.5.33627.172
MinimumVisualStudioVersion = 10.0.40219.1
Project("{8BC9CEB8-8B4A-11D0-8D11-00A0C91BC942}") = "enum", "enum\enum.vcxproj", "{AEA2B50E-64D6-44B1-A46C-E903A4A06E7B}"
EndProject
Global
	GlobalSection(SolutionConfigurationPlatforms) = preSolution
		Debug|x64 = Debug|x64
		Debug|x86 = Debug|x86
		Release|x64 = Release|x64
		Release|x86 = Release|x86
	EndGlobalSection
	GlobalSection(ProjectConfigurationPlatforms) = postSolution
		{AEA2B50E-64D6-44B1-A46C-E903A4A06E7B}.Debug|x64.ActiveCfg = Debug|x64
		{AEA2B50E-64D6-44B1-A46C-E903A4A06E7B}.Debug|x64.Build.0 = Debug|x64
		{AEA2B50E-64D6-44B1-A46C-E903A4A06E7B}.Debug|x86.ActiveCfg = Debug|Win32
		{AEA2B50E-64D6-44B1-A46C-E903A4A06E7B}.Debug|x86.Build.0 = Debug|Win32
		{AEA2B50E-64D6-44B1-A46C-E903A4A06E7B}.Release|x64.ActiveCfg = Release|x64
		{AEA2B50E-64D6-44B1-A46C-E903A4A06E7B}.Release|x64.Build.0 = Release|x64
		{AEA2B50E-64D6-44B1-A46C-E903A4A06E7B}.Release|x86.ActiveCfg = Release|Win32
		{AEA2B50E-64D6-44B1-A46C-E903A4A06E7B}.Release|x86.Build.0 = Release|Win32
	EndGlobalSection
	GlobalSection(SolutionProperties) = preSolution
		HideSolutionNode = FALSE
	EndGlobalSection
	GlobalSection(ExtensibilityGlobals) = postSolution
		SolutionGuid = {180952BE-17B7-414B-9929-C0F0F238CACB}
	EndGlobalSection
EndGlobal
