
Microsoft Visual Studio Solution File, Format Version 12.00
# Visual Studio Version 17
VisualStudioVersion = 17.5.33627.172
MinimumVisualStudioVersion = 10.0.40219.1
Project("{8BC9CEB8-8B4A-11D0-8D11-00A0C91BC942}") = "day-name-switch-case", "day-name-switch-case\day-name-switch-case.vcxproj", "{54673A0B-4BB7-4C97-B7FF-01AC14448103}"
EndProject
Global
	GlobalSection(SolutionConfigurationPlatforms) = preSolution
		Debug|x64 = Debug|x64
		Debug|x86 = Debug|x86
		Release|x64 = Release|x64
		Release|x86 = Release|x86
	EndGlobalSection
	GlobalSection(ProjectConfigurationPlatforms) = postSolution
		{54673A0B-4BB7-4C97-B7FF-01AC14448103}.Debug|x64.ActiveCfg = Debug|x64
		{54673A0B-4BB7-4C97-B7FF-01AC14448103}.Debug|x64.Build.0 = Debug|x64
		{54673A0B-4BB7-4C97-B7FF-01AC14448103}.Debug|x86.ActiveCfg = Debug|Win32
		{54673A0B-4BB7-4C97-B7FF-01AC14448103}.Debug|x86.Build.0 = Debug|Win32
		{54673A0B-4BB7-4C97-B7FF-01AC14448103}.Release|x64.ActiveCfg = Release|x64
		{54673A0B-4BB7-4C97-B7FF-01AC14448103}.Release|x64.Build.0 = Release|x64
		{54673A0B-4BB7-4C97-B7FF-01AC14448103}.Release|x86.ActiveCfg = Release|Win32
		{54673A0B-4BB7-4C97-B7FF-01AC14448103}.Release|x86.Build.0 = Release|Win32
	EndGlobalSection
	GlobalSection(SolutionProperties) = preSolution
		HideSolutionNode = FALSE
	EndGlobalSection
	GlobalSection(ExtensibilityGlobals) = postSolution
		SolutionGuid = {43CB37CA-E4AE-4426-90B2-67DF4D4D5476}
	EndGlobalSection
EndGlobal
