
Microsoft Visual Studio Solution File, Format Version 12.00
# Visual Studio Version 17
VisualStudioVersion = 17.5.33627.172
MinimumVisualStudioVersion = 10.0.40219.1
Project("{8BC9CEB8-8B4A-11D0-8D11-00A0C91BC942}") = "factors-of-number", "factors-of-number\factors-of-number.vcxproj", "{98D34DB8-6343-4C51-8242-153D0FD51423}"
EndProject
Global
	GlobalSection(SolutionConfigurationPlatforms) = preSolution
		Debug|x64 = Debug|x64
		Debug|x86 = Debug|x86
		Release|x64 = Release|x64
		Release|x86 = Release|x86
	EndGlobalSection
	GlobalSection(ProjectConfigurationPlatforms) = postSolution
		{98D34DB8-6343-4C51-8242-153D0FD51423}.Debug|x64.ActiveCfg = Debug|x64
		{98D34DB8-6343-4C51-8242-153D0FD51423}.Debug|x64.Build.0 = Debug|x64
		{98D34DB8-6343-4C51-8242-153D0FD51423}.Debug|x86.ActiveCfg = Debug|Win32
		{98D34DB8-6343-4C51-8242-153D0FD51423}.Debug|x86.Build.0 = Debug|Win32
		{98D34DB8-6343-4C51-8242-153D0FD51423}.Release|x64.ActiveCfg = Release|x64
		{98D34DB8-6343-4C51-8242-153D0FD51423}.Release|x64.Build.0 = Release|x64
		{98D34DB8-6343-4C51-8242-153D0FD51423}.Release|x86.ActiveCfg = Release|Win32
		{98D34DB8-6343-4C51-8242-153D0FD51423}.Release|x86.Build.0 = Release|Win32
	EndGlobalSection
	GlobalSection(SolutionProperties) = preSolution
		HideSolutionNode = FALSE
	EndGlobalSection
	GlobalSection(ExtensibilityGlobals) = postSolution
		SolutionGuid = {EF509DA1-CFC3-424A-9570-8F1F25A82B47}
	EndGlobalSection
EndGlobal
