
Microsoft Visual Studio Solution File, Format Version 12.00
# Visual Studio Version 17
VisualStudioVersion = 17.5.33627.172
MinimumVisualStudioVersion = 10.0.40219.1
Project("{8BC9CEB8-8B4A-11D0-8D11-00A0C91BC942}") = "prime-number", "prime-number\prime-number.vcxproj", "{0E3921A3-55D9-4042-AAAE-4D3CF55AFE1D}"
EndProject
Global
	GlobalSection(SolutionConfigurationPlatforms) = preSolution
		Debug|x64 = Debug|x64
		Debug|x86 = Debug|x86
		Release|x64 = Release|x64
		Release|x86 = Release|x86
	EndGlobalSection
	GlobalSection(ProjectConfigurationPlatforms) = postSolution
		{0E3921A3-55D9-4042-AAAE-4D3CF55AFE1D}.Debug|x64.ActiveCfg = Debug|x64
		{0E3921A3-55D9-4042-AAAE-4D3CF55AFE1D}.Debug|x64.Build.0 = Debug|x64
		{0E3921A3-55D9-4042-AAAE-4D3CF55AFE1D}.Debug|x86.ActiveCfg = Debug|Win32
		{0E3921A3-55D9-4042-AAAE-4D3CF55AFE1D}.Debug|x86.Build.0 = Debug|Win32
		{0E3921A3-55D9-4042-AAAE-4D3CF55AFE1D}.Release|x64.ActiveCfg = Release|x64
		{0E3921A3-55D9-4042-AAAE-4D3CF55AFE1D}.Release|x64.Build.0 = Release|x64
		{0E3921A3-55D9-4042-AAAE-4D3CF55AFE1D}.Release|x86.ActiveCfg = Release|Win32
		{0E3921A3-55D9-4042-AAAE-4D3CF55AFE1D}.Release|x86.Build.0 = Release|Win32
	EndGlobalSection
	GlobalSection(SolutionProperties) = preSolution
		HideSolutionNode = FALSE
	EndGlobalSection
	GlobalSection(ExtensibilityGlobals) = postSolution
		SolutionGuid = {20B4B526-F37B-41D0-8882-DDCDBC016EB8}
	EndGlobalSection
EndGlobal
