
Microsoft Visual Studio Solution File, Format Version 12.00
# Visual Studio Version 17
VisualStudioVersion = 17.5.33627.172
MinimumVisualStudioVersion = 10.0.40219.1
Project("{8BC9CEB8-8B4A-11D0-8D11-00A0C91BC942}") = "working-hours-check", "working-hours-check\working-hours-check.vcxproj", "{EEF42EA9-DB45-4114-A443-0DA98F08CE4B}"
EndProject
Global
	GlobalSection(SolutionConfigurationPlatforms) = preSolution
		Debug|x64 = Debug|x64
		Debug|x86 = Debug|x86
		Release|x64 = Release|x64
		Release|x86 = Release|x86
	EndGlobalSection
	GlobalSection(ProjectConfigurationPlatforms) = postSolution
		{EEF42EA9-DB45-4114-A443-0DA98F08CE4B}.Debug|x64.ActiveCfg = Debug|x64
		{EEF42EA9-DB45-4114-A443-0DA98F08CE4B}.Debug|x64.Build.0 = Debug|x64
		{EEF42EA9-DB45-4114-A443-0DA98F08CE4B}.Debug|x86.ActiveCfg = Debug|Win32
		{EEF42EA9-DB45-4114-A443-0DA98F08CE4B}.Debug|x86.Build.0 = Debug|Win32
		{EEF42EA9-DB45-4114-A443-0DA98F08CE4B}.Release|x64.ActiveCfg = Release|x64
		{EEF42EA9-DB45-4114-A443-0DA98F08CE4B}.Release|x64.Build.0 = Release|x64
		{EEF42EA9-DB45-4114-A443-0DA98F08CE4B}.Release|x86.ActiveCfg = Release|Win32
		{EEF42EA9-DB45-4114-A443-0DA98F08CE4B}.Release|x86.Build.0 = Release|Win32
	EndGlobalSection
	GlobalSection(SolutionProperties) = preSolution
		HideSolutionNode = FALSE
	EndGlobalSection
	GlobalSection(ExtensibilityGlobals) = postSolution
		SolutionGuid = {ADE8A2DC-5EFF-41F2-BD5C-2B7A909B53DF}
	EndGlobalSection
EndGlobal
