
Microsoft Visual Studio Solution File, Format Version 12.00
# Visual Studio Version 17
VisualStudioVersion = 17.5.33627.172
MinimumVisualStudioVersion = 10.0.40219.1
Project("{8BC9CEB8-8B4A-11D0-8D11-00A0C91BC942}") = "string-operation-3", "string-operation-3\string-operation-3.vcxproj", "{955F1C59-B8C4-4B31-87A7-869C2027CCBC}"
EndProject
Global
	GlobalSection(SolutionConfigurationPlatforms) = preSolution
		Debug|x64 = Debug|x64
		Debug|x86 = Debug|x86
		Release|x64 = Release|x64
		Release|x86 = Release|x86
	EndGlobalSection
	GlobalSection(ProjectConfigurationPlatforms) = postSolution
		{955F1C59-B8C4-4B31-87A7-869C2027CCBC}.Debug|x64.ActiveCfg = Debug|x64
		{955F1C59-B8C4-4B31-87A7-869C2027CCBC}.Debug|x64.Build.0 = Debug|x64
		{955F1C59-B8C4-4B31-87A7-869C2027CCBC}.Debug|x86.ActiveCfg = Debug|Win32
		{955F1C59-B8C4-4B31-87A7-869C2027CCBC}.Debug|x86.Build.0 = Debug|Win32
		{955F1C59-B8C4-4B31-87A7-869C2027CCBC}.Release|x64.ActiveCfg = Release|x64
		{955F1C59-B8C4-4B31-87A7-869C2027CCBC}.Release|x64.Build.0 = Release|x64
		{955F1C59-B8C4-4B31-87A7-869C2027CCBC}.Release|x86.ActiveCfg = Release|Win32
		{955F1C59-B8C4-4B31-87A7-869C2027CCBC}.Release|x86.Build.0 = Release|Win32
	EndGlobalSection
	GlobalSection(SolutionProperties) = preSolution
		HideSolutionNode = FALSE
	EndGlobalSection
	GlobalSection(ExtensibilityGlobals) = postSolution
		SolutionGuid = {15F86E1A-AB6A-446A-BE45-2C6A3F29FF74}
	EndGlobalSection
EndGlobal
