
Microsoft Visual Studio Solution File, Format Version 12.00
# Visual Studio Version 17
VisualStudioVersion = 17.5.33627.172
MinimumVisualStudioVersion = 10.0.40219.1
Project("{8BC9CEB8-8B4A-11D0-8D11-00A0C91BC942}") = "leap-year-check", "leap-year-check\leap-year-check.vcxproj", "{91A725BA-5AEF-4B52-B80D-68112BC4EADA}"
EndProject
Global
	GlobalSection(SolutionConfigurationPlatforms) = preSolution
		Debug|x64 = Debug|x64
		Debug|x86 = Debug|x86
		Release|x64 = Release|x64
		Release|x86 = Release|x86
	EndGlobalSection
	GlobalSection(ProjectConfigurationPlatforms) = postSolution
		{91A725BA-5AEF-4B52-B80D-68112BC4EADA}.Debug|x64.ActiveCfg = Debug|x64
		{91A725BA-5AEF-4B52-B80D-68112BC4EADA}.Debug|x64.Build.0 = Debug|x64
		{91A725BA-5AEF-4B52-B80D-68112BC4EADA}.Debug|x86.ActiveCfg = Debug|Win32
		{91A725BA-5AEF-4B52-B80D-68112BC4EADA}.Debug|x86.Build.0 = Debug|Win32
		{91A725BA-5AEF-4B52-B80D-68112BC4EADA}.Release|x64.ActiveCfg = Release|x64
		{91A725BA-5AEF-4B52-B80D-68112BC4EADA}.Release|x64.Build.0 = Release|x64
		{91A725BA-5AEF-4B52-B80D-68112BC4EADA}.Release|x86.ActiveCfg = Release|Win32
		{91A725BA-5AEF-4B52-B80D-68112BC4EADA}.Release|x86.Build.0 = Release|Win32
	EndGlobalSection
	GlobalSection(SolutionProperties) = preSolution
		HideSolutionNode = FALSE
	EndGlobalSection
	GlobalSection(ExtensibilityGlobals) = postSolution
		SolutionGuid = {6D58791B-D76C-49CB-BCB4-689D13601A5B}
	EndGlobalSection
EndGlobal
